hash: e3b0c44298fc1c149afbf4c8996fb92427ae41e4649b934ca495991b7852b855
updated: 2016-02-21T19:20:34.476401-08:00
imports:
- name: github.com/albrow/prtty
  version: 0cf5599e21f2c414834d0e50df4d913dfd62b54b
- name: github.com/wsxiaoys/terminal
  version: 9dcaf1d63119a8ac00eef82270eaef08b6aa2328
devImports: []
